// !$*UTF8*$!
{
	archiveVersion = 1;
	classes = {
	};
	objectVersion = 51;
	objects = {

/* Begin PBXBuildFile section */
		3742F62BD684D0231410929A /* Pods_Cafe_Nibm.framework in Frameworks */ = {isa = PBXBuildFile; fileRef = C9F895FB5134DC866DE60BE8 /* Pods_Cafe_Nibm.framework */; };
		693A3E8025F5293000A7FF0E /* GoogleService-Info.plist in Resources */ = {isa = PBXBuildFile; fileRef = 693A3E7F25F5293000A7FF0E /* GoogleService-Info.plist */; };
		69513C4925F4D46B00E2C861 /* LocationViewController.swift in Sources */ = {isa = PBXBuildFile; fileRef = 69513C4825F4D46B00E2C861 /* LocationViewController.swift */; };
		69513C4D25F4E0A000E2C861 /* SignUpViewController.swift in Sources */ = {isa = PBXBuildFile; fileRef = 69513C4C25F4E0A000E2C861 /* SignUpViewController.swift */; };
		69513C5025F4E0B300E2C861 /* LogInViewController.swift in Sources */ = {isa = PBXBuildFile; fileRef = 69513C4F25F4E0B300E2C861 /* LogInViewController.swift */; };
		69AEC2B125EB46FD00AD7961 /* AppDelegate.swift in Sources */ = {isa = PBXBuildFile; fileRef = 69AEC2B025EB46FD00AD7961 /* AppDelegate.swift */; };
		69AEC2B325EB46FD00AD7961 /* SceneDelegate.swift in Sources */ = {isa = PBXBuildFile; fileRef = 69AEC2B225EB46FD00AD7961 /* SceneDelegate.swift */; };
		69AEC2B525EB46FD00AD7961 /* ViewController.swift in Sources */ = {isa = PBXBuildFile; fileRef = 69AEC2B425EB46FD00AD7961 /* ViewController.swift */; };
		69AEC2B825EB46FD00AD7961 /* Main.storyboard in Resources */ = {isa = PBXBuildFile; fileRef = 69AEC2B625EB46FD00AD7961 /* Main.storyboard */; };
		69AEC2BA25EB46FE00AD7961 /* Assets.xcassets in Resources */ = {isa = PBXBuildFile; fileRef = 69AEC2B925EB46FE00AD7961 /* Assets.xcassets */; };
		69AEC2BD25EB46FE00AD7961 /* LaunchScreen.storyboard in Resources */ = {isa = PBXBuildFile; fileRef = 69AEC2BB25EB46FE00AD7961 /* LaunchScreen.storyboard */; };
/* End PBXBuildFile section */

/* Begin PBXFileReference section */
		693A3E7F25F5293000A7FF0E /* GoogleService-Info.plist */ = {isa = PBXFileReference; fileEncoding = 4; lastKnownFileType = text.plist.xml; path = "GoogleService-Info.plist"; sourceTree = "<group>"; };
		69513C4825F4D46B00E2C861 /* LocationViewController.swift */ = {isa = PBXFileReference; lastKnownFileType = sourcecode.swift; path = LocationViewController.swift; sourceTree = "<group>"; };
		69513C4C25F4E0A000E2C861 /* SignUpViewController.swift */ = {isa = PBXFileReference; lastKnownFileType = sourcecode.swift; path = SignUpViewController.swift; sourceTree = "<group>"; };
		69513C4F25F4E0B300E2C861 /* LogInViewController.swift */ = {isa = PBXFileReference; lastKnownFileType = sourcecode.swift; path = LogInViewController.swift; sourceTree = "<group>"; };
		69AEC2AD25EB46FD00AD7961 /* Cafe-Nibm.app */ = {isa = PBXFileReference; explicitFileType = wrapper.application; includeInIndex = 0; path = "Cafe-Nibm.app"; sourceTree = BUILT_PRODUCTS_DIR; };
		69AEC2B025EB46FD00AD7961 /* AppDelegate.swift */ = {isa = PBXFileReference; lastKnownFileType = sourcecode.swift; path = AppDelegate.swift; sourceTree = "<group>"; };
		69AEC2B225EB46FD00AD7961 /* SceneDelegate.swift */ = {isa = PBXFileReference; lastKnownFileType = sourcecode.swift; path = SceneDelegate.swift; sourceTree = "<group>"; };
		69AEC2B425EB46FD00AD7961 /* ViewController.swift */ = {isa = PBXFileReference; lastKnownFileType = sourcecode.swift; path = ViewController.swift; sourceTree = "<group>"; };
		69AEC2B725EB46FD00AD7961 /* Base */ = {isa = PBXFileReference; lastKnownFileType = file.storyboard; name = Base; path = Base.lproj/Main.storyboard; sourceTree = "<group>"; };
		69AEC2B925EB46FE00AD7961 /* Assets.xcassets */ = {isa = PBXFileReference; lastKnownFileType = folder.assetcatalog; path = Assets.xcassets; sourceTree = "<group>"; };
		69AEC2BC25EB46FE00AD7961 /* Base */ = {isa = PBXFileReference; lastKnownFileType = file.storyboard; name = Base; path = Base.lproj/LaunchScreen.storyboard; sourceTree = "<group>"; };
		69AEC2BE25EB46FE00AD7961 /* Info.plist */ = {isa = PBXFileReference; lastKnownFileType = text.plist.xml; path = Info.plist; sourceTree = "<group>"; };
		749431CCB2A236C39F9F8AA6 /* Pods-Cafe-Nibm.release.xcconfig */ = {isa = PBXFileReference; includeInIndex = 1; lastKnownFileType = text.xcconfig; name = "Pods-Cafe-Nibm.release.xcconfig"; path = "Target Support Files/Pods-Cafe-Nibm/Pods-Cafe-Nibm.release.xcconfig"; sourceTree = "<group>"; };
		83745D4C16D9E7B2C2DC0127 /* Pods-Cafe-Nibm.debug.xcconfig */ = {isa = PBXFileReference; includeInIndex = 1; lastKnownFileType = text.xcconfig; name = "Pods-Cafe-Nibm.debug.xcconfig"; path = "Target Support Files/Pods-Cafe-Nibm/Pods-Cafe-Nibm.debug.xcconfig"; sourceTree = "<group>"; };
		C9F895FB5134DC866DE60BE8 /* Pods_Cafe_Nibm.framework */ = {isa = PBXFileReference; explicitFileType = wrapper.framework; includeInIndex = 0; path = Pods_Cafe_Nibm.framework; sourceTree = BUILT_PRODUCTS_DIR; };
/* End PBXFileReference section */

/* Begin PBXFrameworksBuildPhase section */
		69AEC2AA25EB46FD00AD7961 /* Frameworks */ = {
			isa = PBXFrameworksBuildPhase;
			buildActionMask = 2147483647;
			files = (
				3742F62BD684D0231410929A /* Pods_Cafe_Nibm.framework in Frameworks */,
			);
			runOnlyForDeploymentPostprocessing = 0;
		};
/* End PBXFrameworksBuildPhase section */

/* Begin PBXGroup section */
		4585508AF9F557EFE418EFEF /* Frameworks */ = {
			isa = PBXGroup;
			children = (
				C9F895FB5134DC866DE60BE8 /* Pods_Cafe_Nibm.framework */,
			);
			name = Frameworks;
			sourceTree = "<group>";
		};
		69513C5225F4E0D700E2C861 /* View Controllers */ = {
			isa = PBXGroup;
			children = (
				69513C4825F4D46B00E2C861 /* LocationViewController.swift */,
				69513C4F25F4E0B300E2C861 /* LogInViewController.swift */,
				69513C4C25F4E0A000E2C861 /* SignUpViewController.swift */,
				69AEC2B425EB46FD00AD7961 /* ViewController.swift */,
			);
			path = "View Controllers";
			sourceTree = "<group>";
		};
		69AEC2A425EB46FC00AD7961 = {
			isa = PBXGroup;
			children = (
				69AEC2AF25EB46FD00AD7961 /* Cafe-Nibm */,
				69AEC2AE25EB46FD00AD7961 /* Products */,
				B491D647962E1A7514E1E3DD /* Pods */,
				4585508AF9F557EFE418EFEF /* Frameworks */,
			);
			sourceTree = "<group>";
		};
		69AEC2AE25EB46FD00AD7961 /* Products */ = {
			isa = PBXGroup;
			children = (
				69AEC2AD25EB46FD00AD7961 /* Cafe-Nibm.app */,
			);
			name = Products;
			sourceTree = "<group>";
		};
		69AEC2AF25EB46FD00AD7961 /* Cafe-Nibm */ = {
			isa = PBXGroup;
			children = (
				69AEC2B025EB46FD00AD7961 /* AppDelegate.swift */,
				69AEC2B225EB46FD00AD7961 /* SceneDelegate.swift */,
				69513C5225F4E0D700E2C861 /* View Controllers */,
				69AEC2B625EB46FD00AD7961 /* Main.storyboard */,
				69AEC2B925EB46FE00AD7961 /* Assets.xcassets */,
				69AEC2BB25EB46FE00AD7961 /* LaunchScreen.storyboard */,
				69AEC2BE25EB46FE00AD7961 /* Info.plist */,
				693A3E7F25F5293000A7FF0E /* GoogleService-Info.plist */,
			);
			path = "Cafe-Nibm";
			sourceTree = "<group>";
		};
		B491D647962E1A7514E1E3DD /* Pods */ = {
			isa = PBXGroup;
			children = (
				83745D4C16D9E7B2C2DC0127 /* Pods-Cafe-Nibm.debug.xcconfig */,
				749431CCB2A236C39F9F8AA6 /* Pods-Cafe-Nibm.release.xcconfig */,
			);
			path = Pods;
			sourceTree = "<group>";
		};
/* End PBXGroup section */

/* Begin PBXNativeTarget section */
		69AEC2AC25EB46FD00AD7961 /* Cafe-Nibm */ = {
			isa = PBXNativeTarget;
			buildConfigurationList = 69AEC2C125EB46FE00AD7961 /* Build configuration list for PBXNativeTarget "Cafe-Nibm" */;
			buildPhases = (
				0B05DDA25B45D03F81ADE7C0 /* [CP] Check Pods Manifest.lock */,
				69AEC2A925EB46FD00AD7961 /* Sources */,
				69AEC2AA25EB46FD00AD7961 /* Frameworks */,
				69AEC2AB25EB46FD00AD7961 /* Resources */,
				0DD562AB0A69EFBC202AB81E /* [CP] Embed Pods Frameworks */,
			);
			buildRules = (
			);
			dependencies = (
			);
			name = "Cafe-Nibm";
			productName = "Cafe-Nibm";
			productReference = 69AEC2AD25EB46FD00AD7961 /* Cafe-Nibm.app */;
			productType = "com.apple.product-type.application";
		};
/* End PBXNativeTarget section */

/* Begin PBXProject section */
		69AEC2A525EB46FC00AD7961 /* Project object */ = {
			isa = PBXProject;
			attributes = {
				LastSwiftUpdateCheck = 1240;
				LastUpgradeCheck = 1240;
				TargetAttributes = {
					69AEC2AC25EB46FD00AD7961 = {
						CreatedOnToolsVersion = 12.4;
					};
				};
			};
			buildConfigurationList = 69AEC2A825EB46FC00AD7961 /* Build configuration list for PBXProject "Cafe-Nibm" */;
			compatibilityVersion = "Xcode 9.3";
			developmentRegion = en;
			hasScannedForEncodings = 0;
			knownRegions = (
				en,
				Base,
			);
			mainGroup = 69AEC2A425EB46FC00AD7961;
			productRefGroup = 69AEC2AE25EB46FD00AD7961 /* Products */;
			projectDirPath = "";
			projectRoot = "";
			targets = (
				69AEC2AC25EB46FD00AD7961 /* Cafe-Nibm */,
			);
		};
/* End PBXProject section */

/* Begin PBXResourcesBuildPhase section */
		69AEC2AB25EB46FD00AD7961 /* Resources */ = {
			isa = PBXResourcesBuildPhase;
			buildActionMask = 2147483647;
			files = (
				69AEC2BD25EB46FE00AD7961 /* LaunchScreen.storyboard in Resources */,
				693A3E8025F5293000A7FF0E /* GoogleService-Info.plist in Resources */,
				69AEC2BA25EB46FE00AD7961 /* Assets.xcassets in Resources */,
				69AEC2B825EB46FD00AD7961 /* Main.storyboard in Resources */,
			);
			runOnlyForDeploymentPostprocessing = 0;
		};
/* End PBXResourcesBuildPhase section */

/* Begin PBXShellScriptBuildPhase section */
		0B05DDA25B45D03F81ADE7C0 /* [CP] Check Pods Manifest.lock */ = {
			isa = PBXShellScriptBuildPhase;
			buildActionMask = 2147483647;
			files = (
			);
			inputFileListPaths = (
			);
			inputPaths = (
				"${PODS_PODFILE_DIR_PATH}/Podfile.lock",
				"${PODS_ROOT}/Manifest.lock",
			);
			name = "[CP] Check Pods Manifest.lock";
			outputFileListPaths = (
			);
			outputPaths = (
				"$(DERIVED_FILE_DIR)/Pods-Cafe-Nibm-checkManifestLockResult.txt",
			);
			runOnlyForDeploymentPostprocessing = 0;
			shellPath = /bin/sh;
			shellScript = "diff \"${PODS_PODFILE_DIR_PATH}/Podfile.lock\" \"${PODS_ROOT}/Manifest.lock\" > /dev/null\nif [ $? != 0 ] ; then\n    # print error to STDERR\n    echo \"error: The sandbox is not in sync with the Podfile.lock. Run 'pod install' or update your CocoaPods installation.\" >&2\n    exit 1\nfi\n# This output is used by Xcode 'outputs' to avoid re-running this script phase.\necho \"SUCCESS\" > \"${SCRIPT_OUTPUT_FILE_0}\"\n";
			showEnvVarsInLog = 0;
		};
		0DD562AB0A69EFBC202AB81E /* [CP] Embed Pods Frameworks */ = {
			isa = PBXShellScriptBuildPhase;
			buildActionMask = 2147483647;
			files = (
			);
			inputFileListPaths = (
				"${PODS_ROOT}/Target Support Files/Pods-Cafe-Nibm/Pods-Cafe-Nibm-frameworks-${CONFIGURATION}-input-files.xcfilelist",
			);
			name = "[CP] Embed Pods Frameworks";
			outputFileListPaths = (
				"${PODS_ROOT}/Target Support Files/Pods-Cafe-Nibm/Pods-Cafe-Nibm-frameworks-${CONFIGURATION}-output-files.xcfilelist",
			);
			runOnlyForDeploymentPostprocessing = 0;
			shellPath = /bin/sh;
			shellScript = "\"${PODS_ROOT}/Target Support Files/Pods-Cafe-Nibm/Pods-Cafe-Nibm-frameworks.sh\"\n";
			showEnvVarsInLog = 0;
		};
/* End PBXShellScriptBuildPhase section */

/* Begin PBXSourcesBuildPhase section */
		69AEC2A925EB46FD00AD7961 /* Sources */ = {
			isa = PBXSourcesBuildPhase;
			buildActionMask = 2147483647;
			files = (
				69513C4925F4D46B00E2C861 /* LocationViewController.swift in Sources */,
				69AEC2B525EB46FD00AD7961 /* ViewController.swift in Sources */,
				69513C5025F4E0B300E2C861 /* LogInViewController.swift in Sources */,
				69AEC2B125EB46FD00AD7961 /* AppDelegate.swift in Sources */,
				69AEC2B325EB46FD00AD7961 /* SceneDelegate.swift in Sources */,
				69513C4D25F4E0A000E2C861 /* SignUpViewController.swift in Sources */,
			);
			runOnlyForDeploymentPostprocessing = 0;
		};
/* End PBXSourcesBuildPhase section */

/* Begin PBXVariantGroup section */
		69AEC2B625EB46FD00AD7961 /* Main.storyboard */ = {
			isa = PBXVariantGroup;
			children = (
				69AEC2B725EB46FD00AD7961 /* Base */,
			);
			name = Main.storyboard;
			sourceTree = "<group>";
		};
		69AEC2BB25EB46FE00AD7961 /* LaunchScreen.storyboard */ = {
			isa = PBXVariantGroup;
			children = (
				69AEC2BC25EB46FE00AD7961 /* Base */,
			);
			name = LaunchScreen.storyboard;
			sourceTree = "<group>";
		};
/* End PBXVariantGroup section */

/* Begin XCBuildConfiguration section */
		69AEC2BF25EB46FE00AD7961 /* Debug */ = {
			isa = XCBuildConfiguration;
			buildSettings = {
				ALWAYS_SEARCH_USER_PATHS = NO;
				CLANG_ANALYZER_NONNULL = YES;
				CLANG_ANALYZER_NUMBER_OBJECT_CONVERSION = YES_AGGRESSIVE;
				CLANG_CXX_LANGUAGE_STANDARD = "gnu++14";
				CLANG_CXX_LIBRARY = "libc++";
				CLANG_ENABLE_MODULES = YES;
				CLANG_ENABLE_OBJC_ARC = YES;
				CLANG_ENABLE_OBJC_WEAK = YES;
				CLANG_WARN_BLOCK_CAPTURE_AUTORELEASING = YES;
				CLANG_WARN_BOOL_CONVERSION = YES;
				CLANG_WARN_COMMA = YES;
				CLANG_WARN_CONSTANT_CONVERSION = YES;
				CLANG_WARN_DEPRECATED_OBJC_IMPLEMENTATIONS = YES;
				CLANG_WARN_DIRECT_OBJC_ISA_USAGE = YES_ERROR;
				CLANG_WARN_DOCUMENTATION_COMMENTS = YES;
				CLANG_WARN_EMPTY_BODY = YES;
				CLANG_WARN_ENUM_CONVERSION = YES;
				CLANG_WARN_INFINITE_RECURSION = YES;
				CLANG_WARN_INT_CONVERSION = YES;
				CLANG_WARN_NON_LITERAL_NULL_CONVERSION = YES;
				CLANG_WARN_OBJC_IMPLICIT_RETAIN_SELF = YES;
				CLANG_WARN_OBJC_LITERAL_CONVERSION = YES;
				CLANG_WARN_OBJC_ROOT_CLASS = YES_ERROR;
				CLANG_WARN_QUOTED_INCLUDE_IN_FRAMEWORK_HEADER = YES;
				CLANG_WARN_RANGE_LOOP_ANALYSIS = YES;
				CLANG_WARN_STRICT_PROTOTYPES = YES;
				CLANG_WARN_SUSPICIOUS_MOVE = YES;
				CLANG_WARN_UNGUARDED_AVAILABILITY = YES_AGGRESSIVE;
				CLANG_WARN_UNREACHABLE_CODE = YES;
				CLANG_WARN__DUPLICATE_METHOD_MATCH = YES;
				COPY_PHASE_STRIP = NO;
				DEBUG_INFORMATION_FORMAT = dwarf;
				ENABLE_STRICT_OBJC_MSGSEND = YES;
				ENABLE_TESTABILITY = YES;
				GCC_C_LANGUAGE_STANDARD = gnu11;
				GCC_DYNAMIC_NO_PIC = NO;
				GCC_NO_COMMON_BLOCKS = YES;
				GCC_OPTIMIZATION_LEVEL = 0;
				GCC_PREPROCESSOR_DEFINITIONS = (
					"DEBUG=1",
					"$(inherited)",
				);
				GCC_WARN_64_TO_32_BIT_CONVERSION = YES;
				GCC_WARN_ABOUT_RETURN_TYPE = YES_ERROR;
				GCC_WARN_UNDECLARED_SELECTOR = YES;
				GCC_WARN_UNINITIALIZED_AUTOS = YES_AGGRESSIVE;
				GCC_WARN_UNUSED_FUNCTION = YES;
				GCC_WARN_UNUSED_VARIABLE = YES;
				IPHONEOS_DEPLOYMENT_TARGET = 14.4;
				MTL_ENABLE_DEBUG_INFO = INCLUDE_SOURCE;
				MTL_FAST_MATH = YES;
				ONLY_ACTIVE_ARCH = YES;
				SDKROOT = iphoneos;
				SWIFT_ACTIVE_COMPILATION_CONDITIONS = DEBUG;
				SWIFT_OPTIMIZATION_LEVEL = "-Onone";
			};
			name = Debug;
		};
		69AEC2C025EB46FE00AD7961 /* Release */ = {
			isa = XCBuildConfiguration;
			buildSettings = {
				ALWAYS_SEARCH_USER_PATHS = NO;
				CLANG_ANALYZER_NONNULL = YES;
				CLANG_ANALYZER_NUMBER_OBJECT_CONVERSION = YES_AGGRESSIVE;
				CLANG_CXX_LANGUAGE_STANDARD = "gnu++14";
				CLANG_CXX_LIBRARY = "libc++";
				CLANG_ENABLE_MODULES = YES;
				CLANG_ENABLE_OBJC_ARC = YES;
				CLANG_ENABLE_OBJC_WEAK = YES;
				CLANG_WARN_BLOCK_CAPTURE_AUTORELEASING = YES;
				CLANG_WARN_BOOL_CONVERSION = YES;
				CLANG_WARN_COMMA = YES;
				CLANG_WARN_CONSTANT_CONVERSION = YES;
				CLANG_WARN_DEPRECATED_OBJC_IMPLEMENTATIONS = YES;
				CLANG_WARN_DIRECT_OBJC_ISA_USAGE = YES_ERROR;
				CLANG_WARN_DOCUMENTATION_COMMENTS = YES;
				CLANG_WARN_EMPTY_BODY = YES;
				CLANG_WARN_ENUM_CONVERSION = YES;
				CLANG_WARN_INFINITE_RECURSION = YES;
				CLANG_WARN_INT_CONVERSION = YES;
				CLANG_WARN_NON_LITERAL_NULL_CONVERSION = YES;
				CLANG_WARN_OBJC_IMPLICIT_RETAIN_SELF = YES;
				CLANG_WARN_OBJC_LITERAL_CONVERSION = YES;
				CLANG_WARN_OBJC_ROOT_CLASS = YES_ERROR;
				CLANG_WARN_QUOTED_INCLUDE_IN_FRAMEWORK_HEADER = YES;
				CLANG_WARN_RANGE_LOOP_ANALYSIS = YES;
				CLANG_WARN_STRICT_PROTOTYPES = YES;
				CLANG_WARN_SUSPICIOUS_MOVE = YES;
				CLANG_WARN_UNGUARDED_AVAILABILITY = YES_AGGRESSIVE;
				CLANG_WARN_UNREACHABLE_CODE = YES;
				CLANG_WARN__DUPLICATE_METHOD_MATCH = YES;
				COPY_PHASE_STRIP = NO;
				DEBUG_INFORMATION_FORMAT = "dwarf-with-dsym";
				ENABLE_NS_ASSERTIONS = NO;
				ENABLE_STRICT_OBJC_MSGSEND = YES;
				GCC_C_LANGUAGE_STANDARD = gnu11;
				GCC_NO_COMMON_BLOCKS = YES;
				GCC_WARN_64_TO_32_BIT_CONVERSION = YES;
				GCC_WARN_ABOUT_RETURN_TYPE = YES_ERROR;
				GCC_WARN_UNDECLARED_SELECTOR = YES;
				GCC_WARN_UNINITIALIZED_AUTOS = YES_AGGRESSIVE;
				GCC_WARN_UNUSED_FUNCTION = YES;
				GCC_WARN_UNUSED_VARIABLE = YES;
				IPHONEOS_DEPLOYMENT_TARGET = 14.4;
				MTL_ENABLE_DEBUG_INFO = NO;
				MTL_FAST_MATH = YES;
				SDKROOT = iphoneos;
				SWIFT_COMPILATION_MODE = wholemodule;
				SWIFT_OPTIMIZATION_LEVEL = "-O";
				VALIDATE_PRODUCT = YES;
			};
			name = Release;
		};
		69AEC2C225EB46FE00AD7961 /* Debug */ = {
			isa = XCBuildConfiguration;
			baseConfigurationReference = 83745D4C16D9E7B2C2DC0127 /* Pods-Cafe-Nibm.debug.xcconfig */;
			buildSettings = {
				ASSETCATALOG_COMPILER_APPICON_NAME = AppIcon;
				ASSETCATALOG_COMPILER_GLOBAL_ACCENT_COLOR_NAME = AccentColor;
				CODE_SIGN_STYLE = Automatic;
				INFOPLIST_FILE = "Cafe-Nibm/Info.plist";
				LD_RUNPATH_SEARCH_PATHS = (
					"$(inherited)",
					"@executable_path/Frameworks",
				);
				PRODUCT_BUNDLE_IDENTIFIER = "com.DilanJay.Cafe-Nibm";
				PRODUCT_NAME = "$(TARGET_NAME)";
				SWIFT_VERSION = 5.0;
				TARGETED_DEVICE_FAMILY = "1,2";
			};
			name = Debug;
		};
		69AEC2C325EB46FE00AD7961 /* Release */ = {
			isa = XCBuildConfiguration;
			baseConfigurationReference = 749431CCB2A236C39F9F8AA6 /* Pods-Cafe-Nibm.release.xcconfig */;
			buildSettings = {
				ASSETCATALOG_COMPILER_APPICON_NAME = AppIcon;
				ASSETCATALOG_COMPILER_GLOBAL_ACCENT_COLOR_NAME = AccentColor;
				CODE_SIGN_STYLE = Automatic;
				INFOPLIST_FILE = "Cafe-Nibm/Info.plist";
				LD_RUNPATH_SEARCH_PATHS = (
					"$(inherited)",
					"@executable_path/Frameworks",
				);
				PRODUCT_BUNDLE_IDENTIFIER = "com.DilanJay.Cafe-Nibm";
				PRODUCT_NAME = "$(TARGET_NAME)";
				SWIFT_VERSION = 5.0;
				TARGETED_DEVICE_FAMILY = "1,2";
			};
			name = Release;
		};
/* End XCBuildConfiguration section */

/* Begin XCConfigurationList section */
		69AEC2A825EB46FC00AD7961 /* Build configuration list for PBXProject "Cafe-Nibm" */ = {
			isa = XCConfigurationList;
			buildConfigurations = (
				69AEC2BF25EB46FE00AD7961 /* Debug */,
				69AEC2C025EB46FE00AD7961 /* Release */,
			);
			defaultConfigurationIsVisible = 0;
			defaultConfigurationName = Release;
		};
		69AEC2C125EB46FE00AD7961 /* Build configuration list for PBXNativeTarget "Cafe-Nibm" */ = {
			isa = XCConfigurationList;
			buildConfigurations = (
				69AEC2C225EB46FE00AD7961 /* Debug */,
				69AEC2C325EB46FE00AD7961 /* Release */,
			);
			defaultConfigurationIsVisible = 0;
			defaultConfigurationName = Release;
		};
/* End XCConfigurationList section */
	};
	rootObject = 69AEC2A525EB46FC00AD7961 /* Project object */;
}
